
Microsoft Visual Studio Solution File, Format Version 12.00
# Visual Studio Version 17
VisualStudioVersion = 17.10.34825.169
MinimumVisualStudioVersion = 10.0.40219.1
Project("{9A19103F-16F7-4668-BE54-9A1E7A4F7556}") = "BlogValidator", "GithubActionTest\BlogValidator.csproj", "{B433690D-9777-4A14-AEB2-540D84E1B776}"
EndProject
Global
	GlobalSection(SolutionConfigurationPlatforms) = preSolution
		Debug|Any CPU = Debug|Any CPU
		Release|Any CPU = Release|Any CPU
	EndGlobalSection
	GlobalSection(ProjectConfigurationPlatforms) = postSolution
		{B433690D-9777-4A14-AEB2-540D84E1B776}.Debug|Any CPU.ActiveCfg = Debug|Any CPU
		{B433690D-9777-4A14-AEB2-540D84E1B776}.Debug|Any CPU.Build.0 = Debug|Any CPU
		{B433690D-9777-4A14-AEB2-540D84E1B776}.Release|Any CPU.ActiveCfg = Release|Any CPU
		{B433690D-9777-4A14-AEB2-540D84E1B776}.Release|Any CPU.Build.0 = Release|Any CPU
	EndGlobalSection
	GlobalSection(SolutionProperties) = preSolution
		HideSolutionNode = FALSE
	EndGlobalSection
	GlobalSection(ExtensibilityGlobals) = postSolution
		SolutionGuid = {7BB4FFE4-F0E6-46BE-B1F8-5BB4713574BB}
	EndGlobalSection
EndGlobal
